
Microsoft Visual Studio Solution File, Format Version 12.00
# Visual Studio Version 17
VisualStudioVersion = 17.13.35913.81 d17.13
MinimumVisualStudioVersion = 10.0.40219.1
Project("{FAE04EC0-301F-11D3-BF4B-00C04F79EFBC}") = "100 solved tasks", "100 solved tasks\100 solved tasks.csproj", "{17A74426-E7A2-411B-B09B-F0DA597E2EA6}"
EndProject
Global
	GlobalSection(SolutionConfigurationPlatforms) = preSolution
		Debug|Any CPU = Debug|Any CPU
		Release|Any CPU = Release|Any CPU
	EndGlobalSection
	GlobalSection(ProjectConfigurationPlatforms) = postSolution
		{17A74426-E7A2-411B-B09B-F0DA597E2EA6}.Debug|Any CPU.ActiveCfg = Debug|Any CPU
		{17A74426-E7A2-411B-B09B-F0DA597E2EA6}.Debug|Any CPU.Build.0 = Debug|Any CPU
		{17A74426-E7A2-411B-B09B-F0DA597E2EA6}.Release|Any CPU.ActiveCfg = Release|Any CPU
		{17A74426-E7A2-411B-B09B-F0DA597E2EA6}.Release|Any CPU.Build.0 = Release|Any CPU
	EndGlobalSection
	GlobalSection(SolutionProperties) = preSolution
		HideSolutionNode = FALSE
	EndGlobalSection
	GlobalSection(ExtensibilityGlobals) = postSolution
		SolutionGuid = {AF44D9D5-A2B2-4F92-AB98-00AAF2E077FD}
	EndGlobalSection
EndGlobal
